
Microsoft Visual Studio Solution File, Format Version 12.00
# Visual Studio 15
VisualStudioVersion = 15.0.26730.16
MinimumVisualStudioVersion = 10.0.40219.1
Project("{FAE04EC0-301F-11D3-BF4B-00C04F79EFBC}") = "ZopaLoans", "ZopaLoans\ZopaLoans.csproj", "{B6C6A958-4DF6-4C9E-B3FC-680ED08CE865}"
EndProject
Project("{FAE04EC0-301F-11D3-BF4B-00C04F79EFBC}") = "ZopaLoans.Tests", "ZopaLoans.Tests\ZopaLoans.Tests.csproj", "{B2D224EE-5B3E-472B-B22B-2525B6108BF7}"
EndProject
Global
	GlobalSection(SolutionConfigurationPlatforms) = preSolution
		Debug|Any CPU = Debug|Any CPU
		Release|Any CPU = Release|Any CPU
	EndGlobalSection
	GlobalSection(ProjectConfigurationPlatforms) = postSolution
		{B6C6A958-4DF6-4C9E-B3FC-680ED08CE865}.Debug|Any CPU.ActiveCfg = Debug|Any CPU
		{B6C6A958-4DF6-4C9E-B3FC-680ED08CE865}.Debug|Any CPU.Build.0 = Debug|Any CPU
		{B6C6A958-4DF6-4C9E-B3FC-680ED08CE865}.Release|Any CPU.ActiveCfg = Release|Any CPU
		{B6C6A958-4DF6-4C9E-B3FC-680ED08CE865}.Release|Any CPU.Build.0 = Release|Any CPU
		{B2D224EE-5B3E-472B-B22B-2525B6108BF7}.Debug|Any CPU.ActiveCfg = Debug|Any CPU
		{B2D224EE-5B3E-472B-B22B-2525B6108BF7}.Debug|Any CPU.Build.0 = Debug|Any CPU
		{B2D224EE-5B3E-472B-B22B-2525B6108BF7}.Release|Any CPU.ActiveCfg = Release|Any CPU
		{B2D224EE-5B3E-472B-B22B-2525B6108BF7}.Release|Any CPU.Build.0 = Release|Any CPU
	EndGlobalSection
	GlobalSection(SolutionProperties) = preSolution
		HideSolutionNode = FALSE
	EndGlobalSection
	GlobalSection(ExtensibilityGlobals) = postSolution
		SolutionGuid = {0D1E2D39-F16B-43B7-A3A7-4CB42EA90750}
	EndGlobalSection
EndGlobal
